
Microsoft Visual Studio Solution File, Format Version 12.00
# Visual Studio Version 17
VisualStudioVersion = 17.14.36429.23 d17.14
MinimumVisualStudioVersion = 10.0.40219.1
Project("{FAE04EC0-301F-11D3-BF4B-00C04F79EFBC}") = "Portfolio.Client", "Portfolio.Client\Portfolio.Client.csproj", "{DE5FE49F-6094-42C7-B2C9-97D62A11DB00}"
EndProject
Global
	GlobalSection(SolutionConfigurationPlatforms) = preSolution
		Debug|Any CPU = Debug|Any CPU
		Release|Any CPU = Release|Any CPU
	EndGlobalSection
	GlobalSection(ProjectConfigurationPlatforms) = postSolution
		{DE5FE49F-6094-42C7-B2C9-97D62A11DB00}.Debug|Any CPU.ActiveCfg = Debug|Any CPU
		{DE5FE49F-6094-42C7-B2C9-97D62A11DB00}.Debug|Any CPU.Build.0 = Debug|Any CPU
		{DE5FE49F-6094-42C7-B2C9-97D62A11DB00}.Release|Any CPU.ActiveCfg = Release|Any CPU
		{DE5FE49F-6094-42C7-B2C9-97D62A11DB00}.Release|Any CPU.Build.0 = Release|Any CPU
	EndGlobalSection
	GlobalSection(SolutionProperties) = preSolution
		HideSolutionNode = FALSE
	EndGlobalSection
	GlobalSection(ExtensibilityGlobals) = postSolution
		SolutionGuid = {69E8AC93-3F71-40A3-B09C-9D3BAA442FEA}
	EndGlobalSection
EndGlobal
